
Microsoft Visual Studio Solution File, Format Version 12.00
# Visual Studio Version 17
VisualStudioVersion = 17.10.35004.147
MinimumVisualStudioVersion = 10.0.40219.1
Project("{FAE04EC0-301F-11D3-BF4B-00C04F79EFBC}") = "C_Sharp_Course", "C_Sharp_Course\C_Sharp_Course.csproj", "{0E6EDC60-FED8-45A9-BB87-52E22B81E317}"
EndProject
Global
	GlobalSection(SolutionConfigurationPlatforms) = preSolution
		Debug|Any CPU = Debug|Any CPU
		Release|Any CPU = Release|Any CPU
	EndGlobalSection
	GlobalSection(ProjectConfigurationPlatforms) = postSolution
		{0E6EDC60-FED8-45A9-BB87-52E22B81E317}.Debug|Any CPU.ActiveCfg = Debug|Any CPU
		{0E6EDC60-FED8-45A9-BB87-52E22B81E317}.Debug|Any CPU.Build.0 = Debug|Any CPU
		{0E6EDC60-FED8-45A9-BB87-52E22B81E317}.Release|Any CPU.ActiveCfg = Release|Any CPU
		{0E6EDC60-FED8-45A9-BB87-52E22B81E317}.Release|Any CPU.Build.0 = Release|Any CPU
	EndGlobalSection
	GlobalSection(SolutionProperties) = preSolution
		HideSolutionNode = FALSE
	EndGlobalSection
	GlobalSection(ExtensibilityGlobals) = postSolution
		SolutionGuid = {C73C191D-DC06-412B-A860-CCFF64669A19}
	EndGlobalSection
EndGlobal
